
Microsoft Visual Studio Solution File, Format Version 12.00
# Visual Studio Version 17
VisualStudioVersion = 17.6.33417.168
MinimumVisualStudioVersion = 10.0.40219.1
Project("{9A19103F-16F7-4668-BE54-9A1E7A4F7556}") = "FamilyHubs.RequestForSupport.Web", "src\FamilyHubs.RequestForSupport.Web\FamilyHubs.RequestForSupport.Web.csproj", "{2940D2FA-E085-48BA-A5E6-8E5F591A2FB7}"
EndProject
Project("{2150E333-8FDC-42A3-9474-1A3956D46DE8}") = "src", "src", "{EABE95A1-77E8-4140-BF50-B651E2B7E5DE}"
EndProject
Project("{2150E333-8FDC-42A3-9474-1A3956D46DE8}") = "docs", "docs", "{9805061F-AB71-4459-9B0A-6F86A1A3E0B4}"
	ProjectSection(SolutionItems) = preProject
		README.md = README.md
		docs\ToDo.md = docs\ToDo.md
	EndProjectSection
EndProject
Project("{2150E333-8FDC-42A3-9474-1A3956D46DE8}") = "global", "global", "{29A699D5-7DC0-4A29-8E20-60C7395460A5}"
	ProjectSection(SolutionItems) = preProject
		.gitignore = .gitignore
	EndProjectSection
EndProject
Project("{9A19103F-16F7-4668-BE54-9A1E7A4F7556}") = "FamilyHubs.RequestForSupport.Core", "src\FamilyHubs.RequestForSupport.Core\FamilyHubs.RequestForSupport.Core.csproj", "{1360BA1D-D51E-4FEE-BA27-EB101D046EAD}"
EndProject
Project("{9A19103F-16F7-4668-BE54-9A1E7A4F7556}") = "FamilyHubs.RequestForSupport.Infrastructure", "src\FamilyHubs.RequestForSupport.Infrastructure\FamilyHubs.RequestForSupport.Infrastructure.csproj", "{755D501D-61FF-4FA2-B981-3470D34FE21C}"
EndProject
Project("{2150E333-8FDC-42A3-9474-1A3956D46DE8}") = "tests", "tests", "{17D23030-50AF-44F1-A04F-E902582C6781}"
EndProject
Project("{9A19103F-16F7-4668-BE54-9A1E7A4F7556}") = "FamilyHubs.RequestForSupport.UnitTests", "tests\FamilyHubs.RequestForSupport.UnitTests\FamilyHubs.RequestForSupport.UnitTests.csproj", "{1DDB7818-7706-4597-B47B-39B4CB194757}"
EndProject
Global
	GlobalSection(SolutionConfigurationPlatforms) = preSolution
		Debug|Any CPU = Debug|Any CPU
		Release|Any CPU = Release|Any CPU
	EndGlobalSection
	GlobalSection(ProjectConfigurationPlatforms) = postSolution
		{2940D2FA-E085-48BA-A5E6-8E5F591A2FB7}.Debug|Any CPU.ActiveCfg = Debug|Any CPU
		{2940D2FA-E085-48BA-A5E6-8E5F591A2FB7}.Debug|Any CPU.Build.0 = Debug|Any CPU
		{2940D2FA-E085-48BA-A5E6-8E5F591A2FB7}.Release|Any CPU.ActiveCfg = Release|Any CPU
		{2940D2FA-E085-48BA-A5E6-8E5F591A2FB7}.Release|Any CPU.Build.0 = Release|Any CPU
		{1360BA1D-D51E-4FEE-BA27-EB101D046EAD}.Debug|Any CPU.ActiveCfg = Debug|Any CPU
		{1360BA1D-D51E-4FEE-BA27-EB101D046EAD}.Debug|Any CPU.Build.0 = Debug|Any CPU
		{1360BA1D-D51E-4FEE-BA27-EB101D046EAD}.Release|Any CPU.ActiveCfg = Release|Any CPU
		{1360BA1D-D51E-4FEE-BA27-EB101D046EAD}.Release|Any CPU.Build.0 = Release|Any CPU
		{755D501D-61FF-4FA2-B981-3470D34FE21C}.Debug|Any CPU.ActiveCfg = Debug|Any CPU
		{755D501D-61FF-4FA2-B981-3470D34FE21C}.Debug|Any CPU.Build.0 = Debug|Any CPU
		{755D501D-61FF-4FA2-B981-3470D34FE21C}.Release|Any CPU.ActiveCfg = Release|Any CPU
		{755D501D-61FF-4FA2-B981-3470D34FE21C}.Release|Any CPU.Build.0 = Release|Any CPU
		{1DDB7818-7706-4597-B47B-39B4CB194757}.Debug|Any CPU.ActiveCfg = Debug|Any CPU
		{1DDB7818-7706-4597-B47B-39B4CB194757}.Debug|Any CPU.Build.0 = Debug|Any CPU
		{1DDB7818-7706-4597-B47B-39B4CB194757}.Release|Any CPU.ActiveCfg = Release|Any CPU
		{1DDB7818-7706-4597-B47B-39B4CB194757}.Release|Any CPU.Build.0 = Release|Any CPU
	EndGlobalSection
	GlobalSection(SolutionProperties) = preSolution
		HideSolutionNode = FALSE
	EndGlobalSection
	GlobalSection(NestedProjects) = preSolution
		{2940D2FA-E085-48BA-A5E6-8E5F591A2FB7} = {EABE95A1-77E8-4140-BF50-B651E2B7E5DE}
		{1360BA1D-D51E-4FEE-BA27-EB101D046EAD} = {EABE95A1-77E8-4140-BF50-B651E2B7E5DE}
		{755D501D-61FF-4FA2-B981-3470D34FE21C} = {EABE95A1-77E8-4140-BF50-B651E2B7E5DE}
		{1DDB7818-7706-4597-B47B-39B4CB194757} = {17D23030-50AF-44F1-A04F-E902582C6781}
	EndGlobalSection
	GlobalSection(ExtensibilityGlobals) = postSolution
		SolutionGuid = {9B1F2000-DD0E-4764-95FC-D768203C0EF1}
	EndGlobalSection
EndGlobal
